%{"certifi": {:hex, :certifi, "0.7.0"},
  "earmark": {:hex, :earmark, "0.2.1"},
  "ex_doc": {:hex, :ex_doc, "0.12.0"},
  "exactor": {:hex, :exactor, "2.2.2"},
  "exjsx": {:hex, :exjsx, "3.2.1"},
  "exvcr": {:hex, :exvcr, "0.8.4"},
  "hackney": {:hex, :hackney, "1.6.3"},
  "httpoison": {:hex, :httpoison, "0.10.0"},
  "idna": {:hex, :idna, "1.2.0"},
  "inch_ex": {:hex, :inch_ex, "0.5.5"},
  "jsx": {:hex, :jsx, "2.8.0"},
  "meck": {:hex, :meck, "0.8.4"},
  "metrics": {:hex, :metrics, "1.0.1"},
  "mimerl": {:hex, :mimerl, "1.0.2"},
  "poison": {:hex, :poison, "3.0.0"},
  "ssl_verify_fun": {:hex, :ssl_verify_fun, "1.1.1"},
  "ssl_verify_hostname": {:hex, :ssl_verify_hostname, "1.0.5"}}
